
Microsoft Visual Studio Solution File, Format Version 12.00
# Visual Studio Version 17
VisualStudioVersion = 17.13.35919.96
MinimumVisualStudioVersion = 10.0.40219.1
Project("{FAE04EC0-301F-11D3-BF4B-00C04F79EFBC}") = "srqc", "src\srqc\srqc.csproj", "{D33B12E9-24A6-F1C2-F9E0-DF8D698DD827}"
EndProject
Project("{FAE04EC0-301F-11D3-BF4B-00C04F79EFBC}") = "console", "src\console\console.csproj", "{1DA4CAB5-0D56-4DFC-9733-E61103496F0A}"
EndProject
Project("{FAE04EC0-301F-11D3-BF4B-00C04F79EFBC}") = "MessageChannel", "src\MessageChannel\MessageChannel.csproj", "{3D8B8518-32C2-F44B-2A0A-AF092D5CE7DF}"
EndProject
Project("{FAE04EC0-301F-11D3-BF4B-00C04F79EFBC}") = "service", "src\service\service.csproj", "{F5FD8F75-DB5B-15BA-531E-B71CE3C47C13}"
EndProject
Global
	GlobalSection(SolutionConfigurationPlatforms) = preSolution
		Debug|Any CPU = Debug|Any CPU
		Release|Any CPU = Release|Any CPU
	EndGlobalSection
	GlobalSection(ProjectConfigurationPlatforms) = postSolution
		{D33B12E9-24A6-F1C2-F9E0-DF8D698DD827}.Debug|Any CPU.ActiveCfg = Debug|Any CPU
		{D33B12E9-24A6-F1C2-F9E0-DF8D698DD827}.Debug|Any CPU.Build.0 = Debug|Any CPU
		{D33B12E9-24A6-F1C2-F9E0-DF8D698DD827}.Release|Any CPU.ActiveCfg = Release|Any CPU
		{D33B12E9-24A6-F1C2-F9E0-DF8D698DD827}.Release|Any CPU.Build.0 = Release|Any CPU
		{1DA4CAB5-0D56-4DFC-9733-E61103496F0A}.Debug|Any CPU.ActiveCfg = Debug|Any CPU
		{1DA4CAB5-0D56-4DFC-9733-E61103496F0A}.Debug|Any CPU.Build.0 = Debug|Any CPU
		{1DA4CAB5-0D56-4DFC-9733-E61103496F0A}.Release|Any CPU.ActiveCfg = Release|Any CPU
		{1DA4CAB5-0D56-4DFC-9733-E61103496F0A}.Release|Any CPU.Build.0 = Release|Any CPU
		{3D8B8518-32C2-F44B-2A0A-AF092D5CE7DF}.Debug|Any CPU.ActiveCfg = Debug|Any CPU
		{3D8B8518-32C2-F44B-2A0A-AF092D5CE7DF}.Debug|Any CPU.Build.0 = Debug|Any CPU
		{3D8B8518-32C2-F44B-2A0A-AF092D5CE7DF}.Release|Any CPU.ActiveCfg = Release|Any CPU
		{3D8B8518-32C2-F44B-2A0A-AF092D5CE7DF}.Release|Any CPU.Build.0 = Release|Any CPU
		{F5FD8F75-DB5B-15BA-531E-B71CE3C47C13}.Debug|Any CPU.ActiveCfg = Debug|Any CPU
		{F5FD8F75-DB5B-15BA-531E-B71CE3C47C13}.Debug|Any CPU.Build.0 = Debug|Any CPU
		{F5FD8F75-DB5B-15BA-531E-B71CE3C47C13}.Release|Any CPU.ActiveCfg = Release|Any CPU
		{F5FD8F75-DB5B-15BA-531E-B71CE3C47C13}.Release|Any CPU.Build.0 = Release|Any CPU
	EndGlobalSection
	GlobalSection(SolutionProperties) = preSolution
		HideSolutionNode = FALSE
	EndGlobalSection
	GlobalSection(ExtensibilityGlobals) = postSolution
		SolutionGuid = {DEEFC7F7-3E16-4A67-825E-285EFC947953}
	EndGlobalSection
EndGlobal
